# THIS IS AN AUTOGENERATED FILE. DO NOT EDIT THIS FILE DIRECTLY.
# yarn lockfile v1


"@tanstack/eslint-plugin-query@^4.20.10":
  version "4.20.10"
  resolved "https://registry.yarnpkg.com/@tanstack/eslint-plugin-query/-/eslint-plugin-query-4.20.10.tgz#2499b9b1cbf4551d3623b9ffc74d70a22ea6d487"
  integrity sha512-1TJPSP1OrmhRT8PF/3oVWIoSy0G008LKprt3UlxZOiqn0MJZfiH6mkGzdYHxKR/vajPJiSS+bR44tkaPAKT0TQ==
